
Microsoft Visual Studio Solution File, Format Version 12.00
# Visual Studio Version 17
VisualStudioVersion = 17.0.31903.59
MinimumVisualStudioVersion = 10.0.40219.1
Project("{FAE04EC0-301F-11D3-BF4B-00C04F79EFBC}") = "API", "API\API.csproj", "{2AD7F042-B436-421E-81BF-BA6822953116}"
EndProject
Project("{FAE04EC0-301F-11D3-BF4B-00C04F79EFBC}") = "Application", "Application\Application.csproj", "{E08F4C45-602E-4BF6-A76E-F9A093A8BB2A}"
EndProject
Project("{FAE04EC0-301F-11D3-BF4B-00C04F79EFBC}") = "Domain", "Domain\Domain.csproj", "{96F311E2-976B-4C38-BD4A-5D6DE3ACF7A5}"
EndProject
Project("{FAE04EC0-301F-11D3-BF4B-00C04F79EFBC}") = "Persistence", "Persistence\Persistence.csproj", "{4BC52552-8879-4468-B213-88827006967D}"
EndProject
Project("{FAE04EC0-301F-11D3-BF4B-00C04F79EFBC}") = "Infrastructure", "Infrastructure\Infrastructure.csproj", "{FA98C358-5B68-4584-8480-B26C96DAF4D2}"
EndProject
Global
	GlobalSection(SolutionConfigurationPlatforms) = preSolution
		Debug|Any CPU = Debug|Any CPU
		Release|Any CPU = Release|Any CPU
	EndGlobalSection
	GlobalSection(SolutionProperties) = preSolution
		HideSolutionNode = FALSE
	EndGlobalSection
	GlobalSection(ProjectConfigurationPlatforms) = postSolution
		{2AD7F042-B436-421E-81BF-BA6822953116}.Debug|Any CPU.ActiveCfg = Debug|Any CPU
		{2AD7F042-B436-421E-81BF-BA6822953116}.Debug|Any CPU.Build.0 = Debug|Any CPU
		{2AD7F042-B436-421E-81BF-BA6822953116}.Release|Any CPU.ActiveCfg = Release|Any CPU
		{2AD7F042-B436-421E-81BF-BA6822953116}.Release|Any CPU.Build.0 = Release|Any CPU
		{E08F4C45-602E-4BF6-A76E-F9A093A8BB2A}.Debug|Any CPU.ActiveCfg = Debug|Any CPU
		{E08F4C45-602E-4BF6-A76E-F9A093A8BB2A}.Debug|Any CPU.Build.0 = Debug|Any CPU
		{E08F4C45-602E-4BF6-A76E-F9A093A8BB2A}.Release|Any CPU.ActiveCfg = Release|Any CPU
		{E08F4C45-602E-4BF6-A76E-F9A093A8BB2A}.Release|Any CPU.Build.0 = Release|Any CPU
		{96F311E2-976B-4C38-BD4A-5D6DE3ACF7A5}.Debug|Any CPU.ActiveCfg = Debug|Any CPU
		{96F311E2-976B-4C38-BD4A-5D6DE3ACF7A5}.Debug|Any CPU.Build.0 = Debug|Any CPU
		{96F311E2-976B-4C38-BD4A-5D6DE3ACF7A5}.Release|Any CPU.ActiveCfg = Release|Any CPU
		{96F311E2-976B-4C38-BD4A-5D6DE3ACF7A5}.Release|Any CPU.Build.0 = Release|Any CPU
		{4BC52552-8879-4468-B213-88827006967D}.Debug|Any CPU.ActiveCfg = Debug|Any CPU
		{4BC52552-8879-4468-B213-88827006967D}.Debug|Any CPU.Build.0 = Debug|Any CPU
		{4BC52552-8879-4468-B213-88827006967D}.Release|Any CPU.ActiveCfg = Release|Any CPU
		{4BC52552-8879-4468-B213-88827006967D}.Release|Any CPU.Build.0 = Release|Any CPU
		{FA98C358-5B68-4584-8480-B26C96DAF4D2}.Debug|Any CPU.ActiveCfg = Debug|Any CPU
		{FA98C358-5B68-4584-8480-B26C96DAF4D2}.Debug|Any CPU.Build.0 = Debug|Any CPU
		{FA98C358-5B68-4584-8480-B26C96DAF4D2}.Release|Any CPU.ActiveCfg = Release|Any CPU
		{FA98C358-5B68-4584-8480-B26C96DAF4D2}.Release|Any CPU.Build.0 = Release|Any CPU
	EndGlobalSection
EndGlobal
